// !$*UTF8*$!
{
	archiveVersion = 1;
	classes = {
	};
	objectVersion = 77;
	objects = {

/* Begin PBXBuildFile section */
		B7336DE22F44FEDB00D5C678 /* DotLottie in Frameworks */ = {isa = PBXBuildFile; productRef = B7336DE12F44FEDB00D5C678 /* DotLottie */; };
		B7336DE82F450AE400D5C678 /* popping.lottie in Resources */ = {isa = PBXBuildFile; fileRef = B7336DE72F450AE400D5C678 /* popping.lottie */; };
		B75F2F802F39076800775802 /* AGENTS.md in Resources */ = {isa = PBXBuildFile; fileRef = B75F2F7F2F39076800775802 /* AGENTS.md */; };
		B76EB83A2E89CE9B00A5968E /* To-do.md in Resources */ = {isa = PBXBuildFile; fileRef = B76EB8382E89CE8E00A5968E /* To-do.md */; };
		B78D6DD12F12CFE00026AB6E /* logo-from-composer.icon in Resources */ = {isa = PBXBuildFile; fileRef = B78D6DD02F12CFE00026AB6E /* logo-from-composer.icon */; };
		B7F505FE2F8D831900137A36 /* plan.md in Resources */ = {isa = PBXBuildFile; fileRef = B7F505FC2F8D831900137A36 /* plan.md */; };
/* End PBXBuildFile section */

/* Begin PBXContainerItemProxy section */
		5BC7A07D2EF9E4380095F785 /* PBXContainerItemProxy */ = {
			isa = PBXContainerItemProxy;
			containerPortal = B7EFC4502E8758F9003B9373 /* Project object */;
			proxyType = 1;
			remoteGlobalIDString = B7EFC4572E8758F9003B9373;
			remoteInfo = CryptoConverter;
		};
		5BC7A08A2EF9E50A0095F785 /* PBXContainerItemProxy */ = {
			isa = PBXContainerItemProxy;
			containerPortal = B7EFC4502E8758F9003B9373 /* Project object */;
			proxyType = 1;
			remoteGlobalIDString = B7EFC4572E8758F9003B9373;
			remoteInfo = CryptoConverter;
		};
/* End PBXContainerItemProxy section */

/* Begin PBXFileReference section */
		5BC7A0792EF9E4380095F785 /* CryptoConverterUnitTests.xctest */ = {isa = PBXFileReference; explicitFileType = wrapper.cfbundle; includeInIndex = 0; path = CryptoConverterUnitTests.xctest; sourceTree = BUILT_PRODUCTS_DIR; };
		5BC7A0862EF9E50A0095F785 /* CryptoConverterIntegrationTests.xctest */ = {isa = PBXFileReference; explicitFileType = wrapper.cfbundle; includeInIndex = 0; path = CryptoConverterIntegrationTests.xctest; sourceTree = BUILT_PRODUCTS_DIR; };
		B7336DE72F450AE400D5C678 /* popping.lottie */ = {isa = PBXFileReference; lastKnownFileType = file; path = popping.lottie; sourceTree = "<group>"; };
		B75F2F7F2F39076800775802 /* AGENTS.md */ = {isa = PBXFileReference; lastKnownFileType = net.daringfireball.markdown; path = AGENTS.md; sourceTree = "<group>"; };
		B76EB8382E89CE8E00A5968E /* To-do.md */ = {isa = PBXFileReference; lastKnownFileType = net.daringfireball.markdown; path = "To-do.md"; sourceTree = "<group>"; };
		B78D6DD02F12CFE00026AB6E /* logo-from-composer.icon */ = {isa = PBXFileReference; lastKnownFileType = folder.iconcomposer.icon; path = "logo-from-composer.icon"; sourceTree = "<group>"; };
		B7F505FC2F8D831900137A36 /* plan.md */ = {isa = PBXFileReference; lastKnownFileType = net.daringfireball.markdown; path = plan.md; sourceTree = "<group>"; };
		B7FC087B2EA559E600984CAD /* Currency Converter.app */ = {isa = PBXFileReference; explicitFileType = wrapper.application; includeInIndex = 0; path = "Currency Converter.app"; sourceTree = BUILT_PRODUCTS_DIR; };
/* End PBXFileReference section */

/* Begin PBXFileSystemSynchronizedRootGroup section */
		5BC7A07A2EF9E4380095F785 /* CryptoConverterUnitTests */ = {
			isa = PBXFileSystemSynchronizedRootGroup;
			path = CryptoConverterUnitTests;
			sourceTree = "<group>";
		};
		5BC7A0872EF9E50A0095F785 /* CryptoConverterIntegrationTests */ = {
			isa = PBXFileSystemSynchronizedRootGroup;
			path = CryptoConverterIntegrationTests;
			sourceTree = "<group>";
		};
		B7EFC45A2E8758F9003B9373 /* CryptoConverter */ = {
			isa = PBXFileSystemSynchronizedRootGroup;
			path = CryptoConverter;
			sourceTree = "<group>";
		};
/* End PBXFileSystemSynchronizedRootGroup section */

/* Begin PBXFrameworksBuildPhase section */
		5BC7A0762EF9E4380095F785 /* Frameworks */ = {
			isa = PBXFrameworksBuildPhase;
			buildActionMask = 2147483647;
			files = (
			);
			runOnlyForDeploymentPostprocessing = 0;
		};
		5BC7A0832EF9E50A0095F785 /* Frameworks */ = {
			isa = PBXFrameworksBuildPhase;
			buildActionMask = 2147483647;
			files = (
			);
			runOnlyForDeploymentPostprocessing = 0;
		};
		B7EFC4552E8758F9003B9373 /* Frameworks */ = {
			isa = PBXFrameworksBuildPhase;
			buildActionMask = 2147483647;
			files = (
				B7336DE22F44FEDB00D5C678 /* DotLottie in Frameworks */,
			);
			runOnlyForDeploymentPostprocessing = 0;
		};
/* End PBXFrameworksBuildPhase section */

/* Begin PBXGroup section */
		B7EFC44F2E8758F9003B9373 = {
			isa = PBXGroup;
			children = (
				B7F505FD2F8D831900137A36 /* conductor */,
				B75F2F7F2F39076800775802 /* AGENTS.md */,
				B76EB8382E89CE8E00A5968E /* To-do.md */,
				B7EFC45A2E8758F9003B9373 /* CryptoConverter */,
				B7FC087B2EA559E600984CAD /* Currency Converter.app */,
				5BC7A0792EF9E4380095F785 /* CryptoConverterUnitTests.xctest */,
				5BC7A07A2EF9E4380095F785 /* CryptoConverterUnitTests */,
				5BC7A0862EF9E50A0095F785 /* CryptoConverterIntegrationTests.xctest */,
				5BC7A0872EF9E50A0095F785 /* CryptoConverterIntegrationTests */,
				B78D6DD02F12CFE00026AB6E /* logo-from-composer.icon */,
				B7336DE72F450AE400D5C678 /* popping.lottie */,
			);
			sourceTree = "<group>";
		};
		B7F505FD2F8D831900137A36 /* conductor */ = {
			isa = PBXGroup;
			children = (
				B7F505FC2F8D831900137A36 /* plan.md */,
			);
			path = conductor;
			sourceTree = "<group>";
		};
/* End PBXGroup section */

/* Begin PBXNativeTarget section */
		5BC7A0782EF9E4380095F785 /* CryptoConverterUnitTests */ = {
			isa = PBXNativeTarget;
			buildConfigurationList = 5BC7A07F2EF9E4380095F785 /* Build configuration list for PBXNativeTarget "CryptoConverterUnitTests" */;
			buildPhases = (
				5BC7A0752EF9E4380095F785 /* Sources */,
				5BC7A0762EF9E4380095F785 /* Frameworks */,
				5BC7A0772EF9E4380095F785 /* Resources */,
			);
			buildRules = (
			);
			dependencies = (
				5BC7A07E2EF9E4380095F785 /* PBXTargetDependency */,
			);
			fileSystemSynchronizedGroups = (
				5BC7A07A2EF9E4380095F785 /* CryptoConverterUnitTests */,
			);
			name = CryptoConverterUnitTests;
			packageProductDependencies = (
			);
			productName = CryptoConverterUnitTests;
			productReference = 5BC7A0792EF9E4380095F785 /* CryptoConverterUnitTests.xctest */;
			productType = "com.apple.product-type.bundle.unit-test";
		};
		5BC7A0852EF9E50A0095F785 /* CryptoConverterIntegrationTests */ = {
			isa = PBXNativeTarget;
			buildConfigurationList = 5BC7A08C2EF9E50A0095F785 /* Build configuration list for PBXNativeTarget "CryptoConverterIntegrationTests" */;
			buildPhases = (
				5BC7A0822EF9E50A0095F785 /* Sources */,
				5BC7A0832EF9E50A0095F785 /* Frameworks */,
				5BC7A0842EF9E50A0095F785 /* Resources */,
			);
			buildRules = (
			);
			dependencies = (
				5BC7A08B2EF9E50A0095F785 /* PBXTargetDependency */,
			);
			fileSystemSynchronizedGroups = (
				5BC7A0872EF9E50A0095F785 /* CryptoConverterIntegrationTests */,
			);
			name = CryptoConverterIntegrationTests;
			packageProductDependencies = (
			);
			productName = CryptoConverterIntegrationTests;
			productReference = 5BC7A0862EF9E50A0095F785 /* CryptoConverterIntegrationTests.xctest */;
			productType = "com.apple.product-type.bundle.unit-test";
		};
		B7EFC4572E8758F9003B9373 /* CryptoConverter */ = {
			isa = PBXNativeTarget;
			buildConfigurationList = B7EFC4652E8758FA003B9373 /* Build configuration list for PBXNativeTarget "CryptoConverter" */;
			buildPhases = (
				B7EFC4542E8758F9003B9373 /* Sources */,
				B7EFC4552E8758F9003B9373 /* Frameworks */,
				B7EFC4562E8758F9003B9373 /* Resources */,
			);
			buildRules = (
			);
			dependencies = (
			);
			fileSystemSynchronizedGroups = (
				B7EFC45A2E8758F9003B9373 /* CryptoConverter */,
			);
			name = CryptoConverter;
			packageProductDependencies = (
				B7336DE12F44FEDB00D5C678 /* DotLottie */,
			);
			productName = CryptoConverter;
			productReference = B7FC087B2EA559E600984CAD /* Currency Converter.app */;
			productType = "com.apple.product-type.application";
		};
/* End PBXNativeTarget section */

/* Begin PBXProject section */
		B7EFC4502E8758F9003B9373 /* Project object */ = {
			isa = PBXProject;
			attributes = {
				BuildIndependentTargetsInParallel = 1;
				LastSwiftUpdateCheck = 2620;
				LastUpgradeCheck = 2620;
				TargetAttributes = {
					5BC7A0782EF9E4380095F785 = {
						CreatedOnToolsVersion = 26.2;
						TestTargetID = B7EFC4572E8758F9003B9373;
					};
					5BC7A0852EF9E50A0095F785 = {
						CreatedOnToolsVersion = 26.2;
						TestTargetID = B7EFC4572E8758F9003B9373;
					};
					B7EFC4572E8758F9003B9373 = {
						CreatedOnToolsVersion = 26.0;
					};
				};
			};
			buildConfigurationList = B7EFC4532E8758F9003B9373 /* Build configuration list for PBXProject "CryptoConverter" */;
			developmentRegion = en;
			hasScannedForEncodings = 0;
			knownRegions = (
				en,
				Base,
			);
			mainGroup = B7EFC44F2E8758F9003B9373;
			minimizedProjectReferenceProxies = 1;
			packageReferences = (
				B7336DE02F44FEDB00D5C678 /* XCRemoteSwiftPackageReference "dotlottie-ios" */,
			);
			preferredProjectObjectVersion = 77;
			productRefGroup = B7EFC44F2E8758F9003B9373;
			projectDirPath = "";
			projectRoot = "";
			targets = (
				B7EFC4572E8758F9003B9373 /* CryptoConverter */,
				5BC7A0782EF9E4380095F785 /* CryptoConverterUnitTests */,
				5BC7A0852EF9E50A0095F785 /* CryptoConverterIntegrationTests */,
			);
		};
/* End PBXProject section */

/* Begin PBXResourcesBuildPhase section */
		5BC7A0772EF9E4380095F785 /* Resources */ = {
			isa = PBXResourcesBuildPhase;
			buildActionMask = 2147483647;
			files = (
			);
			runOnlyForDeploymentPostprocessing = 0;
		};
		5BC7A0842EF9E50A0095F785 /* Resources */ = {
			isa = PBXResourcesBuildPhase;
			buildActionMask = 2147483647;
			files = (
			);
			runOnlyForDeploymentPostprocessing = 0;
		};
		B7EFC4562E8758F9003B9373 /* Resources */ = {
			isa = PBXResourcesBuildPhase;
			buildActionMask = 2147483647;
			files = (
				B7F505FE2F8D831900137A36 /* plan.md in Resources */,
				B7336DE82F450AE400D5C678 /* popping.lottie in Resources */,
				B78D6DD12F12CFE00026AB6E /* logo-from-composer.icon in Resources */,
				B75F2F802F39076800775802 /* AGENTS.md in Resources */,
				B76EB83A2E89CE9B00A5968E /* To-do.md in Resources */,
			);
			runOnlyForDeploymentPostprocessing = 0;
		};
/* End PBXResourcesBuildPhase section */

/* Begin PBXSourcesBuildPhase section */
		5BC7A0752EF9E4380095F785 /* Sources */ = {
			isa = PBXSourcesBuildPhase;
			buildActionMask = 2147483647;
			files = (
			);
			runOnlyForDeploymentPostprocessing = 0;
		};
		5BC7A0822EF9E50A0095F785 /* Sources */ = {
			isa = PBXSourcesBuildPhase;
			buildActionMask = 2147483647;
			files = (
			);
			runOnlyForDeploymentPostprocessing = 0;
		};
		B7EFC4542E8758F9003B9373 /* Sources */ = {
			isa = PBXSourcesBuildPhase;
			buildActionMask = 2147483647;
			files = (
			);
			runOnlyForDeploymentPostprocessing = 0;
		};
/* End PBXSourcesBuildPhase section */

/* Begin PBXTargetDependency section */
		5BC7A07E2EF9E4380095F785 /* PBXTargetDependency */ = {
			isa = PBXTargetDependency;
			target = B7EFC4572E8758F9003B9373 /* CryptoConverter */;
			targetProxy = 5BC7A07D2EF9E4380095F785 /* PBXContainerItemProxy */;
		};
		5BC7A08B2EF9E50A0095F785 /* PBXTargetDependency */ = {
			isa = PBXTargetDependency;
			target = B7EFC4572E8758F9003B9373 /* CryptoConverter */;
			targetProxy = 5BC7A08A2EF9E50A0095F785 /* PBXContainerItemProxy */;
		};
/* End PBXTargetDependency section */

/* Begin XCBuildConfiguration section */
		5BC7A0802EF9E4380095F785 /* Debug */ = {
			isa = XCBuildConfiguration;
			buildSettings = {
				BUNDLE_LOADER = "$(TEST_HOST)";
				CODE_SIGN_STYLE = Automatic;
				CURRENT_PROJECT_VERSION = 1;
				DEVELOPMENT_TEAM = MLKMNABL36;
				GENERATE_INFOPLIST_FILE = YES;
				IPHONEOS_DEPLOYMENT_TARGET = 26.0;
				MARKETING_VERSION = 1.0;
				PRODUCT_BUNDLE_IDENTIFIER = com.myorganization.CryptoConverterUnitTests;
				PRODUCT_NAME = "$(TARGET_NAME)";
				STRING_CATALOG_GENERATE_SYMBOLS = NO;
				SWIFT_APPROACHABLE_CONCURRENCY = YES;
				SWIFT_EMIT_LOC_STRINGS = NO;
				SWIFT_UPCOMING_FEATURE_MEMBER_IMPORT_VISIBILITY = YES;
				SWIFT_VERSION = 5.0;
				TARGETED_DEVICE_FAMILY = "1,2";
				TEST_HOST = "$(BUILT_PRODUCTS_DIR)/Currency Converter.app/$(BUNDLE_EXECUTABLE_FOLDER_PATH)/Currency Converter";
			};
			name = Debug;
		};
		5BC7A0812EF9E4380095F785 /* Release */ = {
			isa = XCBuildConfiguration;
			buildSettings = {
				BUNDLE_LOADER = "$(TEST_HOST)";
				CODE_SIGN_STYLE = Automatic;
				CURRENT_PROJECT_VERSION = 1;
				DEVELOPMENT_TEAM = MLKMNABL36;
				GENERATE_INFOPLIST_FILE = YES;
				IPHONEOS_DEPLOYMENT_TARGET = 26.0;
				MARKETING_VERSION = 1.0;
				PRODUCT_BUNDLE_IDENTIFIER = com.myorganization.CryptoConverterUnitTests;
				PRODUCT_NAME = "$(TARGET_NAME)";
				STRING_CATALOG_GENERATE_SYMBOLS = NO;
				SWIFT_APPROACHABLE_CONCURRENCY = YES;
				SWIFT_EMIT_LOC_STRINGS = NO;
				SWIFT_UPCOMING_FEATURE_MEMBER_IMPORT_VISIBILITY = YES;
				SWIFT_VERSION = 5.0;
				TARGETED_DEVICE_FAMILY = "1,2";
				TEST_HOST = "$(BUILT_PRODUCTS_DIR)/Currency Converter.app/$(BUNDLE_EXECUTABLE_FOLDER_PATH)/Currency Converter";
			};
			name = Release;
		};
		5BC7A08D2EF9E50A0095F785 /* Debug */ = {
			isa = XCBuildConfiguration;
			buildSettings = {
				BUNDLE_LOADER = "$(TEST_HOST)";
				CODE_SIGN_STYLE = Automatic;
				CURRENT_PROJECT_VERSION = 1;
				DEVELOPMENT_TEAM = MLKMNABL36;
				GENERATE_INFOPLIST_FILE = YES;
				IPHONEOS_DEPLOYMENT_TARGET = 26.0;
				MARKETING_VERSION = 1.0;
				PRODUCT_BUNDLE_IDENTIFIER = com.myorganization.CryptoConverterIntegrationTests;
				PRODUCT_NAME = "$(TARGET_NAME)";
				STRING_CATALOG_GENERATE_SYMBOLS = NO;
				SWIFT_APPROACHABLE_CONCURRENCY = YES;
				SWIFT_EMIT_LOC_STRINGS = NO;
				SWIFT_UPCOMING_FEATURE_MEMBER_IMPORT_VISIBILITY = YES;
				SWIFT_VERSION = 5.0;
				TARGETED_DEVICE_FAMILY = "1,2";
				TEST_HOST = "$(BUILT_PRODUCTS_DIR)/Currency Converter.app/$(BUNDLE_EXECUTABLE_FOLDER_PATH)/Currency Converter";
			};
			name = Debug;
		};
		5BC7A08E2EF9E50A0095F785 /* Release */ = {
			isa = XCBuildConfiguration;
			buildSettings = {
				BUNDLE_LOADER = "$(TEST_HOST)";
				CODE_SIGN_STYLE = Automatic;
				CURRENT_PROJECT_VERSION = 1;
				DEVELOPMENT_TEAM = MLKMNABL36;
				GENERATE_INFOPLIST_FILE = YES;
				IPHONEOS_DEPLOYMENT_TARGET = 26.0;
				MARKETING_VERSION = 1.0;
				PRODUCT_BUNDLE_IDENTIFIER = com.myorganization.CryptoConverterIntegrationTests;
				PRODUCT_NAME = "$(TARGET_NAME)";
				STRING_CATALOG_GENERATE_SYMBOLS = NO;
				SWIFT_APPROACHABLE_CONCURRENCY = YES;
				SWIFT_EMIT_LOC_STRINGS = NO;
				SWIFT_UPCOMING_FEATURE_MEMBER_IMPORT_VISIBILITY = YES;
				SWIFT_VERSION = 5.0;
				TARGETED_DEVICE_FAMILY = "1,2";
				TEST_HOST = "$(BUILT_PRODUCTS_DIR)/Currency Converter.app/$(BUNDLE_EXECUTABLE_FOLDER_PATH)/Currency Converter";
			};
			name = Release;
		};
		B7EFC4632E8758FA003B9373 /* Debug */ = {
			isa = XCBuildConfiguration;
			buildSettings = {
				ALWAYS_SEARCH_USER_PATHS = NO;
				ASSETCATALOG_COMPILER_GENERATE_SWIFT_ASSET_SYMBOL_EXTENSIONS = YES;
				CLANG_ANALYZER_NONNULL = YES;
				CLANG_ANALYZER_NUMBER_OBJECT_CONVERSION = YES_AGGRESSIVE;
				CLANG_CXX_LANGUAGE_STANDARD = "gnu++20";
				CLANG_ENABLE_MODULES = YES;
				CLANG_ENABLE_OBJC_ARC = YES;
				CLANG_ENABLE_OBJC_WEAK = YES;
				CLANG_WARN_BLOCK_CAPTURE_AUTORELEASING = YES;
				CLANG_WARN_BOOL_CONVERSION = YES;
				CLANG_WARN_COMMA = YES;
				CLANG_WARN_CONSTANT_CONVERSION = YES;
				CLANG_WARN_DEPRECATED_OBJC_IMPLEMENTATIONS = YES;
				CLANG_WARN_DIRECT_OBJC_ISA_USAGE = YES_ERROR;
				CLANG_WARN_DOCUMENTATION_COMMENTS = YES;
				CLANG_WARN_EMPTY_BODY = YES;
				CLANG_WARN_ENUM_CONVERSION = YES;
				CLANG_WARN_INFINITE_RECURSION = YES;
				CLANG_WARN_INT_CONVERSION = YES;
				CLANG_WARN_NON_LITERAL_NULL_CONVERSION = YES;
				CLANG_WARN_OBJC_IMPLICIT_RETAIN_SELF = YES;
				CLANG_WARN_OBJC_LITERAL_CONVERSION = YES;
				CLANG_WARN_OBJC_ROOT_CLASS = YES_ERROR;
				CLANG_WARN_QUOTED_INCLUDE_IN_FRAMEWORK_HEADER = YES;
				CLANG_WARN_RANGE_LOOP_ANALYSIS = YES;
				CLANG_WARN_STRICT_PROTOTYPES = YES;
				CLANG_WARN_SUSPICIOUS_MOVE = YES;
				CLANG_WARN_UNGUARDED_AVAILABILITY = YES_AGGRESSIVE;
				CLANG_WARN_UNREACHABLE_CODE = YES;
				CLANG_WARN__DUPLICATE_METHOD_MATCH = YES;
				COPY_PHASE_STRIP = NO;
				DEBUG_INFORMATION_FORMAT = dwarf;
				DEVELOPMENT_TEAM = MLKMNABL36;
				ENABLE_STRICT_OBJC_MSGSEND = YES;
				ENABLE_TESTABILITY = YES;
				ENABLE_USER_SCRIPT_SANDBOXING = YES;
				GCC_C_LANGUAGE_STANDARD = gnu17;
				GCC_DYNAMIC_NO_PIC = NO;
				GCC_NO_COMMON_BLOCKS = YES;
				GCC_OPTIMIZATION_LEVEL = 0;
				GCC_PREPROCESSOR_DEFINITIONS = (
					"DEBUG=1",
					"$(inherited)",
				);
				GCC_WARN_64_TO_32_BIT_CONVERSION = YES;
				GCC_WARN_ABOUT_RETURN_TYPE = YES_ERROR;
				GCC_WARN_UNDECLARED_SELECTOR = YES;
				GCC_WARN_UNINITIALIZED_AUTOS = YES_AGGRESSIVE;
				GCC_WARN_UNUSED_FUNCTION = YES;
				GCC_WARN_UNUSED_VARIABLE = YES;
				IPHONEOS_DEPLOYMENT_TARGET = 26.0;
				LOCALIZATION_PREFERS_STRING_CATALOGS = YES;
				MTL_ENABLE_DEBUG_INFO = INCLUDE_SOURCE;
				MTL_FAST_MATH = YES;
				ONLY_ACTIVE_ARCH = YES;
				SDKROOT = iphoneos;
				STRING_CATALOG_GENERATE_SYMBOLS = YES;
				SWIFT_ACTIVE_COMPILATION_CONDITIONS = "DEBUG $(inherited)";
				SWIFT_OPTIMIZATION_LEVEL = "-Onone";
				"TEST_HOST[sdk=*]" = "";
			};
			name = Debug;
		};
		B7EFC4642E8758FA003B9373 /* Release */ = {
			isa = XCBuildConfiguration;
			buildSettings = {
				ALWAYS_SEARCH_USER_PATHS = NO;
				ASSETCATALOG_COMPILER_GENERATE_SWIFT_ASSET_SYMBOL_EXTENSIONS = YES;
				CLANG_ANALYZER_NONNULL = YES;
				CLANG_ANALYZER_NUMBER_OBJECT_CONVERSION = YES_AGGRESSIVE;
				CLANG_CXX_LANGUAGE_STANDARD = "gnu++20";
				CLANG_ENABLE_MODULES = YES;
				CLANG_ENABLE_OBJC_ARC = YES;
				CLANG_ENABLE_OBJC_WEAK = YES;
				CLANG_WARN_BLOCK_CAPTURE_AUTORELEASING = YES;
				CLANG_WARN_BOOL_CONVERSION = YES;
				CLANG_WARN_COMMA = YES;
				CLANG_WARN_CONSTANT_CONVERSION = YES;
				CLANG_WARN_DEPRECATED_OBJC_IMPLEMENTATIONS = YES;
				CLANG_WARN_DIRECT_OBJC_ISA_USAGE = YES_ERROR;
				CLANG_WARN_DOCUMENTATION_COMMENTS = YES;
				CLANG_WARN_EMPTY_BODY = YES;
				CLANG_WARN_ENUM_CONVERSION = YES;
				CLANG_WARN_INFINITE_RECURSION = YES;
				CLANG_WARN_INT_CONVERSION = YES;
				CLANG_WARN_NON_LITERAL_NULL_CONVERSION = YES;
				CLANG_WARN_OBJC_IMPLICIT_RETAIN_SELF = YES;
				CLANG_WARN_OBJC_LITERAL_CONVERSION = YES;
				CLANG_WARN_OBJC_ROOT_CLASS = YES_ERROR;
				CLANG_WARN_QUOTED_INCLUDE_IN_FRAMEWORK_HEADER = YES;
				CLANG_WARN_RANGE_LOOP_ANALYSIS = YES;
				CLANG_WARN_STRICT_PROTOTYPES = YES;
				CLANG_WARN_SUSPICIOUS_MOVE = YES;
				CLANG_WARN_UNGUARDED_AVAILABILITY = YES_AGGRESSIVE;
				CLANG_WARN_UNREACHABLE_CODE = YES;
				CLANG_WARN__DUPLICATE_METHOD_MATCH = YES;
				COPY_PHASE_STRIP = NO;
				DEBUG_INFORMATION_FORMAT = "dwarf-with-dsym";
				DEVELOPMENT_TEAM = MLKMNABL36;
				ENABLE_NS_ASSERTIONS = NO;
				ENABLE_STRICT_OBJC_MSGSEND = YES;
				ENABLE_USER_SCRIPT_SANDBOXING = YES;
				GCC_C_LANGUAGE_STANDARD = gnu17;
				GCC_NO_COMMON_BLOCKS = YES;
				GCC_WARN_64_TO_32_BIT_CONVERSION = YES;
				GCC_WARN_ABOUT_RETURN_TYPE = YES_ERROR;
				GCC_WARN_UNDECLARED_SELECTOR = YES;
				GCC_WARN_UNINITIALIZED_AUTOS = YES_AGGRESSIVE;
				GCC_WARN_UNUSED_FUNCTION = YES;
				GCC_WARN_UNUSED_VARIABLE = YES;
				IPHONEOS_DEPLOYMENT_TARGET = 26.0;
				LOCALIZATION_PREFERS_STRING_CATALOGS = YES;
				MTL_ENABLE_DEBUG_INFO = NO;
				MTL_FAST_MATH = YES;
				SDKROOT = iphoneos;
				STRING_CATALOG_GENERATE_SYMBOLS = YES;
				SWIFT_COMPILATION_MODE = wholemodule;
				VALIDATE_PRODUCT = YES;
			};
			name = Release;
		};
		B7EFC4662E8758FA003B9373 /* Debug */ = {
			isa = XCBuildConfiguration;
			buildSettings = {
				ASSETCATALOG_COMPILER_APPICON_NAME = "logo-from-composer";
				ASSETCATALOG_COMPILER_GLOBAL_ACCENT_COLOR_NAME = AccentColor;
				CODE_SIGN_ENTITLEMENTS = CryptoConverter/CryptoConverter.entitlements;
				CODE_SIGN_STYLE = Automatic;
				CURRENT_PROJECT_VERSION = 5;
				DEVELOPMENT_TEAM = MLKMNABL36;
				ENABLE_PREVIEWS = YES;
				GENERATE_INFOPLIST_FILE = YES;
				INFOPLIST_KEY_CFBundleDisplayName = MultiConvertor;
				INFOPLIST_KEY_LSApplicationCategoryType = "public.app-category.utilities";
				INFOPLIST_KEY_UIApplicationSceneManifest_Generation = YES;
				INFOPLIST_KEY_UIApplicationSupportsIndirectInputEvents = YES;
				INFOPLIST_KEY_UILaunchScreen_Generation = YES;
				INFOPLIST_KEY_UISupportedInterfaceOrientations = UIInterfaceOrientationPortrait;
				INFOPLIST_KEY_UISupportedInterfaceOrientations_iPad = "UIInterfaceOrientationLandscapeLeft UIInterfaceOrientationLandscapeRight UIInterfaceOrientationPortrait UIInterfaceOrientationPortraitUpsideDown";
				IPHONEOS_DEPLOYMENT_TARGET = 18.0;
				LD_RUNPATH_SEARCH_PATHS = (
					"$(inherited)",
					"@executable_path/Frameworks",
				);
				MARKETING_VERSION = 1.2.0;
				PRODUCT_BUNDLE_IDENTIFIER = com.myorganization.CryptoConverter;
				PRODUCT_MODULE_NAME = CryptoConverter;
				PRODUCT_NAME = "Currency Converter";
				STRING_CATALOG_GENERATE_SYMBOLS = YES;
				SWIFT_APPROACHABLE_CONCURRENCY = YES;
				SWIFT_DEFAULT_ACTOR_ISOLATION = MainActor;
				SWIFT_EMIT_LOC_STRINGS = YES;
				SWIFT_UPCOMING_FEATURE_MEMBER_IMPORT_VISIBILITY = YES;
				SWIFT_VERSION = 5.0;
				TARGETED_DEVICE_FAMILY = "1,2";
			};
			name = Debug;
		};
		B7EFC4672E8758FA003B9373 /* Release */ = {
			isa = XCBuildConfiguration;
			buildSettings = {
				ASSETCATALOG_COMPILER_APPICON_NAME = "logo-from-composer";
				ASSETCATALOG_COMPILER_GLOBAL_ACCENT_COLOR_NAME = AccentColor;
				CODE_SIGN_ENTITLEMENTS = CryptoConverter/CryptoConverter.entitlements;
				CODE_SIGN_STYLE = Automatic;
				CURRENT_PROJECT_VERSION = 5;
				DEVELOPMENT_TEAM = MLKMNABL36;
				ENABLE_PREVIEWS = YES;
				GENERATE_INFOPLIST_FILE = YES;
				INFOPLIST_KEY_CFBundleDisplayName = MultiConvertor;
				INFOPLIST_KEY_LSApplicationCategoryType = "public.app-category.utilities";
				INFOPLIST_KEY_UIApplicationSceneManifest_Generation = YES;
				INFOPLIST_KEY_UIApplicationSupportsIndirectInputEvents = YES;
				INFOPLIST_KEY_UILaunchScreen_Generation = YES;
				INFOPLIST_KEY_UISupportedInterfaceOrientations = UIInterfaceOrientationPortrait;
				INFOPLIST_KEY_UISupportedInterfaceOrientations_iPad = "UIInterfaceOrientationLandscapeLeft UIInterfaceOrientationLandscapeRight UIInterfaceOrientationPortrait UIInterfaceOrientationPortraitUpsideDown";
				IPHONEOS_DEPLOYMENT_TARGET = 18.0;
				LD_RUNPATH_SEARCH_PATHS = (
					"$(inherited)",
					"@executable_path/Frameworks",
				);
				MARKETING_VERSION = 1.2.0;
				PRODUCT_BUNDLE_IDENTIFIER = com.myorganization.CryptoConverter;
				PRODUCT_MODULE_NAME = CryptoConverter;
				PRODUCT_NAME = "Currency Converter";
				STRING_CATALOG_GENERATE_SYMBOLS = YES;
				SWIFT_APPROACHABLE_CONCURRENCY = YES;
				SWIFT_DEFAULT_ACTOR_ISOLATION = MainActor;
				SWIFT_EMIT_LOC_STRINGS = YES;
				SWIFT_UPCOMING_FEATURE_MEMBER_IMPORT_VISIBILITY = YES;
				SWIFT_VERSION = 5.0;
				TARGETED_DEVICE_FAMILY = "1,2";
			};
			name = Release;
		};
/* End XCBuildConfiguration section */

/* Begin XCConfigurationList section */
		5BC7A07F2EF9E4380095F785 /* Build configuration list for PBXNativeTarget "CryptoConverterUnitTests" */ = {
			isa = XCConfigurationList;
			buildConfigurations = (
				5BC7A0802EF9E4380095F785 /* Debug */,
				5BC7A0812EF9E4380095F785 /* Release */,
			);
			defaultConfigurationIsVisible = 0;
			defaultConfigurationName = Release;
		};
		5BC7A08C2EF9E50A0095F785 /* Build configuration list for PBXNativeTarget "CryptoConverterIntegrationTests" */ = {
			isa = XCConfigurationList;
			buildConfigurations = (
				5BC7A08D2EF9E50A0095F785 /* Debug */,
				5BC7A08E2EF9E50A0095F785 /* Release */,
			);
			defaultConfigurationIsVisible = 0;
			defaultConfigurationName = Release;
		};
		B7EFC4532E8758F9003B9373 /* Build configuration list for PBXProject "CryptoConverter" */ = {
			isa = XCConfigurationList;
			buildConfigurations = (
				B7EFC4632E8758FA003B9373 /* Debug */,
				B7EFC4642E8758FA003B9373 /* Release */,
			);
			defaultConfigurationIsVisible = 0;
			defaultConfigurationName = Release;
		};
		B7EFC4652E8758FA003B9373 /* Build configuration list for PBXNativeTarget "CryptoConverter" */ = {
			isa = XCConfigurationList;
			buildConfigurations = (
				B7EFC4662E8758FA003B9373 /* Debug */,
				B7EFC4672E8758FA003B9373 /* Release */,
			);
			defaultConfigurationIsVisible = 0;
			defaultConfigurationName = Release;
		};
/* End XCConfigurationList section */

/* Begin XCRemoteSwiftPackageReference section */
		B7336DE02F44FEDB00D5C678 /* XCRemoteSwiftPackageReference "dotlottie-ios" */ = {
			isa = XCRemoteSwiftPackageReference;
			repositoryURL = "https://github.com/LottieFiles/dotlottie-ios";
			requirement = {
				branch = main;
				kind = branch;
			};
		};
/* End XCRemoteSwiftPackageReference section */

/* Begin XCSwiftPackageProductDependency section */
		B7336DE12F44FEDB00D5C678 /* DotLottie */ = {
			isa = XCSwiftPackageProductDependency;
			package = B7336DE02F44FEDB00D5C678 /* XCRemoteSwiftPackageReference "dotlottie-ios" */;
			productName = DotLottie;
		};
/* End XCSwiftPackageProductDependency section */
	};
	rootObject = B7EFC4502E8758F9003B9373 /* Project object */;
}
